
Microsoft Visual Studio Solution File, Format Version 12.00
# Visual Studio Version 16
VisualStudioVersion = 16.0.30523.141
MinimumVisualStudioVersion = 10.0.40219.1
Project("{8BC9CEB8-8B4A-11D0-8D11-00A0C91BC942}") = "Exercise 1", "Exercise 1\Exercise 1.vcxproj", "{6D8B560D-B6BF-434A-BF97-918C4D3D8B4F}"
EndProject
Project("{8BC9CEB8-8B4A-11D0-8D11-00A0C91BC942}") = "Exercise 2", "Exercise 2\Exercise 2.vcxproj", "{F866F045-97C1-44CE-8AB3-A7587053F9DE}"
EndProject
Project("{8BC9CEB8-8B4A-11D0-8D11-00A0C91BC942}") = "Exercise 3", "Exercise 3\Exercise 3.vcxproj", "{73AB57D4-DA1E-480D-A0E9-09FC4CA47DBA}"
EndProject
Project("{8BC9CEB8-8B4A-11D0-8D11-00A0C91BC942}") = "Exercise 4", "Exercise 4\Exercise 4.vcxproj", "{97F2AAAE-E2BC-44DE-BE24-27E8D425716F}"
EndProject
Project("{8BC9CEB8-8B4A-11D0-8D11-00A0C91BC942}") = "Exercise 5", "Exercise 5\Exercise 5.vcxproj", "{60692CC9-E336-4231-9F53-3121B795F964}"
EndProject
Project("{8BC9CEB8-8B4A-11D0-8D11-00A0C91BC942}") = "Exercise 6", "Exercise 6\Exercise 6.vcxproj", "{29DA3E46-2ABC-431E-9D7D-6385C0562EE6}"
EndProject
Project("{8BC9CEB8-8B4A-11D0-8D11-00A0C91BC942}") = "Exercise 7", "Exercise 7\Exercise 7.vcxproj", "{575093B7-29E5-4964-885F-DDAD054A0E99}"
EndProject
Project("{8BC9CEB8-8B4A-11D0-8D11-00A0C91BC942}") = "Exercise 8", "Exercise 8\Exercise 8.vcxproj", "{554F60F8-DE6A-47B9-B711-85767FEBFB3A}"
EndProject
Project("{8BC9CEB8-8B4A-11D0-8D11-00A0C91BC942}") = "Exercise 9", "Exercise 9\Exercise 9.vcxproj", "{2E349B38-750E-4AB1-A3B3-6AF8D9D50F93}"
EndProject
Project("{8BC9CEB8-8B4A-11D0-8D11-00A0C91BC942}") = "Exercise 10", "Exercise 10\Exercise 10.vcxproj", "{699BF8ED-2F13-4919-9CD8-CD8AAD93C28F}"
EndProject
Project("{8BC9CEB8-8B4A-11D0-8D11-00A0C91BC942}") = "Exercise 11", "Exercise 11\Exercise 11.vcxproj", "{B8A62495-AB21-4DBF-A633-D5CA13010D88}"
EndProject
Project("{8BC9CEB8-8B4A-11D0-8D11-00A0C91BC942}") = "Exercise 12", "Exercise 12\Exercise 12.vcxproj", "{9F171B17-6BDB-46F3-B158-3BA2EBEC7A6F}"
EndProject
Global
	GlobalSection(SolutionConfigurationPlatforms) = preSolution
		Debug|x64 = Debug|x64
		Debug|x86 = Debug|x86
		Release|x64 = Release|x64
		Release|x86 = Release|x86
	EndGlobalSection
	GlobalSection(ProjectConfigurationPlatforms) = postSolution
		{6D8B560D-B6BF-434A-BF97-918C4D3D8B4F}.Debug|x64.ActiveCfg = Debug|x64
		{6D8B560D-B6BF-434A-BF97-918C4D3D8B4F}.Debug|x64.Build.0 = Debug|x64
		{6D8B560D-B6BF-434A-BF97-918C4D3D8B4F}.Debug|x86.ActiveCfg = Debug|Win32
		{6D8B560D-B6BF-434A-BF97-918C4D3D8B4F}.Debug|x86.Build.0 = Debug|Win32
		{6D8B560D-B6BF-434A-BF97-918C4D3D8B4F}.Release|x64.ActiveCfg = Release|x64
		{6D8B560D-B6BF-434A-BF97-918C4D3D8B4F}.Release|x64.Build.0 = Release|x64
		{6D8B560D-B6BF-434A-BF97-918C4D3D8B4F}.Release|x86.ActiveCfg = Release|Win32
		{6D8B560D-B6BF-434A-BF97-918C4D3D8B4F}.Release|x86.Build.0 = Release|Win32
		{F866F045-97C1-44CE-8AB3-A7587053F9DE}.Debug|x64.ActiveCfg = Debug|x64
		{F866F045-97C1-44CE-8AB3-A7587053F9DE}.Debug|x64.Build.0 = Debug|x64
		{F866F045-97C1-44CE-8AB3-A7587053F9DE}.Debug|x86.ActiveCfg = Debug|Win32
		{F866F045-97C1-44CE-8AB3-A7587053F9DE}.Debug|x86.Build.0 = Debug|Win32
		{F866F045-97C1-44CE-8AB3-A7587053F9DE}.Release|x64.ActiveCfg = Release|x64
		{F866F045-97C1-44CE-8AB3-A7587053F9DE}.Release|x64.Build.0 = Release|x64
		{F866F045-97C1-44CE-8AB3-A7587053F9DE}.Release|x86.ActiveCfg = Release|Win32
		{F866F045-97C1-44CE-8AB3-A7587053F9DE}.Release|x86.Build.0 = Release|Win32
		{73AB57D4-DA1E-480D-A0E9-09FC4CA47DBA}.Debug|x64.ActiveCfg = Debug|x64
		{73AB57D4-DA1E-480D-A0E9-09FC4CA47DBA}.Debug|x64.Build.0 = Debug|x64
		{73AB57D4-DA1E-480D-A0E9-09FC4CA47DBA}.Debug|x86.ActiveCfg = Debug|Win32
		{73AB57D4-DA1E-480D-A0E9-09FC4CA47DBA}.Debug|x86.Build.0 = Debug|Win32
		{73AB57D4-DA1E-480D-A0E9-09FC4CA47DBA}.Release|x64.ActiveCfg = Release|x64
		{73AB57D4-DA1E-480D-A0E9-09FC4CA47DBA}.Release|x64.Build.0 = Release|x64
		{73AB57D4-DA1E-480D-A0E9-09FC4CA47DBA}.Release|x86.ActiveCfg = Release|Win32
		{73AB57D4-DA1E-480D-A0E9-09FC4CA47DBA}.Release|x86.Build.0 = Release|Win32
		{97F2AAAE-E2BC-44DE-BE24-27E8D425716F}.Debug|x64.ActiveCfg = Debug|x64
		{97F2AAAE-E2BC-44DE-BE24-27E8D425716F}.Debug|x64.Build.0 = Debug|x64
		{97F2AAAE-E2BC-44DE-BE24-27E8D425716F}.Debug|x86.ActiveCfg = Debug|Win32
		{97F2AAAE-E2BC-44DE-BE24-27E8D425716F}.Debug|x86.Build.0 = Debug|Win32
		{97F2AAAE-E2BC-44DE-BE24-27E8D425716F}.Release|x64.ActiveCfg = Release|x64
		{97F2AAAE-E2BC-44DE-BE24-27E8D425716F}.Release|x64.Build.0 = Release|x64
		{97F2AAAE-E2BC-44DE-BE24-27E8D425716F}.Release|x86.ActiveCfg = Release|Win32
		{97F2AAAE-E2BC-44DE-BE24-27E8D425716F}.Release|x86.Build.0 = Release|Win32
		{60692CC9-E336-4231-9F53-3121B795F964}.Debug|x64.ActiveCfg = Debug|x64
		{60692CC9-E336-4231-9F53-3121B795F964}.Debug|x64.Build.0 = Debug|x64
		{60692CC9-E336-4231-9F53-3121B795F964}.Debug|x86.ActiveCfg = Debug|Win32
		{60692CC9-E336-4231-9F53-3121B795F964}.Debug|x86.Build.0 = Debug|Win32
		{60692CC9-E336-4231-9F53-3121B795F964}.Release|x64.ActiveCfg = Release|x64
		{60692CC9-E336-4231-9F53-3121B795F964}.Release|x64.Build.0 = Release|x64
		{60692CC9-E336-4231-9F53-3121B795F964}.Release|x86.ActiveCfg = Release|Win32
		{60692CC9-E336-4231-9F53-3121B795F964}.Release|x86.Build.0 = Release|Win32
		{29DA3E46-2ABC-431E-9D7D-6385C0562EE6}.Debug|x64.ActiveCfg = Debug|x64
		{29DA3E46-2ABC-431E-9D7D-6385C0562EE6}.Debug|x64.Build.0 = Debug|x64
		{29DA3E46-2ABC-431E-9D7D-6385C0562EE6}.Debug|x86.ActiveCfg = Debug|Win32
		{29DA3E46-2ABC-431E-9D7D-6385C0562EE6}.Debug|x86.Build.0 = Debug|Win32
		{29DA3E46-2ABC-431E-9D7D-6385C0562EE6}.Release|x64.ActiveCfg = Release|x64
		{29DA3E46-2ABC-431E-9D7D-6385C0562EE6}.Release|x64.Build.0 = Release|x64
		{29DA3E46-2ABC-431E-9D7D-6385C0562EE6}.Release|x86.ActiveCfg = Release|Win32
		{29DA3E46-2ABC-431E-9D7D-6385C0562EE6}.Release|x86.Build.0 = Release|Win32
		{575093B7-29E5-4964-885F-DDAD054A0E99}.Debug|x64.ActiveCfg = Debug|x64
		{575093B7-29E5-4964-885F-DDAD054A0E99}.Debug|x64.Build.0 = Debug|x64
		{575093B7-29E5-4964-885F-DDAD054A0E99}.Debug|x86.ActiveCfg = Debug|Win32
		{575093B7-29E5-4964-885F-DDAD054A0E99}.Debug|x86.Build.0 = Debug|Win32
		{575093B7-29E5-4964-885F-DDAD054A0E99}.Release|x64.ActiveCfg = Release|x64
		{575093B7-29E5-4964-885F-DDAD054A0E99}.Release|x64.Build.0 = Release|x64
		{575093B7-29E5-4964-885F-DDAD054A0E99}.Release|x86.ActiveCfg = Release|Win32
		{575093B7-29E5-4964-885F-DDAD054A0E99}.Release|x86.Build.0 = Release|Win32
		{554F60F8-DE6A-47B9-B711-85767FEBFB3A}.Debug|x64.ActiveCfg = Debug|x64
		{554F60F8-DE6A-47B9-B711-85767FEBFB3A}.Debug|x64.Build.0 = Debug|x64
		{554F60F8-DE6A-47B9-B711-85767FEBFB3A}.Debug|x86.ActiveCfg = Debug|Win32
		{554F60F8-DE6A-47B9-B711-85767FEBFB3A}.Debug|x86.Build.0 = Debug|Win32
		{554F60F8-DE6A-47B9-B711-85767FEBFB3A}.Release|x64.ActiveCfg = Release|x64
		{554F60F8-DE6A-47B9-B711-85767FEBFB3A}.Release|x64.Build.0 = Release|x64
		{554F60F8-DE6A-47B9-B711-85767FEBFB3A}.Release|x86.ActiveCfg = Release|Win32
		{554F60F8-DE6A-47B9-B711-85767FEBFB3A}.Release|x86.Build.0 = Release|Win32
		{2E349B38-750E-4AB1-A3B3-6AF8D9D50F93}.Debug|x64.ActiveCfg = Debug|x64
		{2E349B38-750E-4AB1-A3B3-6AF8D9D50F93}.Debug|x64.Build.0 = Debug|x64
		{2E349B38-750E-4AB1-A3B3-6AF8D9D50F93}.Debug|x86.ActiveCfg = Debug|Win32
		{2E349B38-750E-4AB1-A3B3-6AF8D9D50F93}.Debug|x86.Build.0 = Debug|Win32
		{2E349B38-750E-4AB1-A3B3-6AF8D9D50F93}.Release|x64.ActiveCfg = Release|x64
		{2E349B38-750E-4AB1-A3B3-6AF8D9D50F93}.Release|x64.Build.0 = Release|x64
		{2E349B38-750E-4AB1-A3B3-6AF8D9D50F93}.Release|x86.ActiveCfg = Release|Win32
		{2E349B38-750E-4AB1-A3B3-6AF8D9D50F93}.Release|x86.Build.0 = Release|Win32
		{699BF8ED-2F13-4919-9CD8-CD8AAD93C28F}.Debug|x64.ActiveCfg = Debug|x64
		{699BF8ED-2F13-4919-9CD8-CD8AAD93C28F}.Debug|x64.Build.0 = Debug|x64
		{699BF8ED-2F13-4919-9CD8-CD8AAD93C28F}.Debug|x86.ActiveCfg = Debug|Win32
		{699BF8ED-2F13-4919-9CD8-CD8AAD93C28F}.Debug|x86.Build.0 = Debug|Win32
		{699BF8ED-2F13-4919-9CD8-CD8AAD93C28F}.Release|x64.ActiveCfg = Release|x64
		{699BF8ED-2F13-4919-9CD8-CD8AAD93C28F}.Release|x64.Build.0 = Release|x64
		{699BF8ED-2F13-4919-9CD8-CD8AAD93C28F}.Release|x86.ActiveCfg = Release|Win32
		{699BF8ED-2F13-4919-9CD8-CD8AAD93C28F}.Release|x86.Build.0 = Release|Win32
		{B8A62495-AB21-4DBF-A633-D5CA13010D88}.Debug|x64.ActiveCfg = Debug|x64
		{B8A62495-AB21-4DBF-A633-D5CA13010D88}.Debug|x64.Build.0 = Debug|x64
		{B8A62495-AB21-4DBF-A633-D5CA13010D88}.Debug|x86.ActiveCfg = Debug|Win32
		{B8A62495-AB21-4DBF-A633-D5CA13010D88}.Debug|x86.Build.0 = Debug|Win32
		{B8A62495-AB21-4DBF-A633-D5CA13010D88}.Release|x64.ActiveCfg = Release|x64
		{B8A62495-AB21-4DBF-A633-D5CA13010D88}.Release|x64.Build.0 = Release|x64
		{B8A62495-AB21-4DBF-A633-D5CA13010D88}.Release|x86.ActiveCfg = Release|Win32
		{B8A62495-AB21-4DBF-A633-D5CA13010D88}.Release|x86.Build.0 = Release|Win32
		{9F171B17-6BDB-46F3-B158-3BA2EBEC7A6F}.Debug|x64.ActiveCfg = Debug|x64
		{9F171B17-6BDB-46F3-B158-3BA2EBEC7A6F}.Debug|x64.Build.0 = Debug|x64
		{9F171B17-6BDB-46F3-B158-3BA2EBEC7A6F}.Debug|x86.ActiveCfg = Debug|Win32
		{9F171B17-6BDB-46F3-B158-3BA2EBEC7A6F}.Debug|x86.Build.0 = Debug|Win32
		{9F171B17-6BDB-46F3-B158-3BA2EBEC7A6F}.Release|x64.ActiveCfg = Release|x64
		{9F171B17-6BDB-46F3-B158-3BA2EBEC7A6F}.Release|x64.Build.0 = Release|x64
		{9F171B17-6BDB-46F3-B158-3BA2EBEC7A6F}.Release|x86.ActiveCfg = Release|Win32
		{9F171B17-6BDB-46F3-B158-3BA2EBEC7A6F}.Release|x86.Build.0 = Release|Win32
	EndGlobalSection
	GlobalSection(SolutionProperties) = preSolution
		HideSolutionNode = FALSE
	EndGlobalSection
	GlobalSection(ExtensibilityGlobals) = postSolution
		SolutionGuid = {B9EA9CFF-B7C0-4646-89E2-095F9A6AC1EB}
	EndGlobalSection
EndGlobal
