
Microsoft Visual Studio Solution File, Format Version 12.00
# Visual Studio Version 16
VisualStudioVersion = 16.0.30503.244
MinimumVisualStudioVersion = 10.0.40219.1
Project("{8BC9CEB8-8B4A-11D0-8D11-00A0C91BC942}") = "Exercise 1", "Exercise 1\Exercise 1.vcxproj", "{EE5F48E7-6D57-461E-83A0-4A74BA154837}"
EndProject
Project("{8BC9CEB8-8B4A-11D0-8D11-00A0C91BC942}") = "Exercise 2", "Exercise 2\Exercise 2.vcxproj", "{0E48D350-AFA8-42FA-8FC4-A3DA208C8F58}"
EndProject
Project("{8BC9CEB8-8B4A-11D0-8D11-00A0C91BC942}") = "Exercise 3", "Exercise 3\Exercise 3.vcxproj", "{2A2559E5-3A06-44A8-BBF9-D917C66F241F}"
EndProject
Project("{8BC9CEB8-8B4A-11D0-8D11-00A0C91BC942}") = "Exercise 4", "Exercise 4\Exercise 4.vcxproj", "{1A97F3E1-66A8-4C98-A008-64FD7965898E}"
EndProject
Project("{8BC9CEB8-8B4A-11D0-8D11-00A0C91BC942}") = "Exercise 5", "Exercise 5\Exercise 5.vcxproj", "{9FF6369E-53B3-4C07-8849-7BF0BC2B0099}"
EndProject
Project("{8BC9CEB8-8B4A-11D0-8D11-00A0C91BC942}") = "Exercise 6", "Exercise 6\Exercise 6.vcxproj", "{34F4EDAE-4A06-4B80-AAE5-B3F0263F9255}"
EndProject
Project("{8BC9CEB8-8B4A-11D0-8D11-00A0C91BC942}") = "Exercise 7", "Exercise 7\Exercise 7.vcxproj", "{0D1E78A9-7DA6-47A6-A8DA-2A120B59DA76}"
EndProject
Project("{8BC9CEB8-8B4A-11D0-8D11-00A0C91BC942}") = "Exercise 8", "Exercise 8\Exercise 8.vcxproj", "{022CA9EA-6085-4880-AA6F-FCDA17D7E436}"
EndProject
Project("{8BC9CEB8-8B4A-11D0-8D11-00A0C91BC942}") = "Exercise 9", "Exercise 9\Exercise 9.vcxproj", "{8EF52F01-BF2C-4A5D-9849-620D950BCBC3}"
EndProject
Project("{8BC9CEB8-8B4A-11D0-8D11-00A0C91BC942}") = "Exercise 10", "Exercise 10\Exercise 10.vcxproj", "{25989624-6F6E-4DAF-A2B8-ED7A5640162D}"
EndProject
Project("{8BC9CEB8-8B4A-11D0-8D11-00A0C91BC942}") = "Exercise 11", "Exercise 11\Exercise 11.vcxproj", "{C1830515-CD90-421B-AC02-B0BADA9FD953}"
EndProject
Project("{8BC9CEB8-8B4A-11D0-8D11-00A0C91BC942}") = "Exercise 12", "Exercise 12\Exercise 12.vcxproj", "{24EFC4CC-8992-4CD0-8918-103429251B2D}"
EndProject
Global
	GlobalSection(SolutionConfigurationPlatforms) = preSolution
		Debug|x64 = Debug|x64
		Debug|x86 = Debug|x86
		Release|x64 = Release|x64
		Release|x86 = Release|x86
	EndGlobalSection
	GlobalSection(ProjectConfigurationPlatforms) = postSolution
		{EE5F48E7-6D57-461E-83A0-4A74BA154837}.Debug|x64.ActiveCfg = Debug|x64
		{EE5F48E7-6D57-461E-83A0-4A74BA154837}.Debug|x64.Build.0 = Debug|x64
		{EE5F48E7-6D57-461E-83A0-4A74BA154837}.Debug|x86.ActiveCfg = Debug|Win32
		{EE5F48E7-6D57-461E-83A0-4A74BA154837}.Debug|x86.Build.0 = Debug|Win32
		{EE5F48E7-6D57-461E-83A0-4A74BA154837}.Release|x64.ActiveCfg = Release|x64
		{EE5F48E7-6D57-461E-83A0-4A74BA154837}.Release|x64.Build.0 = Release|x64
		{EE5F48E7-6D57-461E-83A0-4A74BA154837}.Release|x86.ActiveCfg = Release|Win32
		{EE5F48E7-6D57-461E-83A0-4A74BA154837}.Release|x86.Build.0 = Release|Win32
		{0E48D350-AFA8-42FA-8FC4-A3DA208C8F58}.Debug|x64.ActiveCfg = Debug|x64
		{0E48D350-AFA8-42FA-8FC4-A3DA208C8F58}.Debug|x64.Build.0 = Debug|x64
		{0E48D350-AFA8-42FA-8FC4-A3DA208C8F58}.Debug|x86.ActiveCfg = Debug|Win32
		{0E48D350-AFA8-42FA-8FC4-A3DA208C8F58}.Debug|x86.Build.0 = Debug|Win32
		{0E48D350-AFA8-42FA-8FC4-A3DA208C8F58}.Release|x64.ActiveCfg = Release|x64
		{0E48D350-AFA8-42FA-8FC4-A3DA208C8F58}.Release|x64.Build.0 = Release|x64
		{0E48D350-AFA8-42FA-8FC4-A3DA208C8F58}.Release|x86.ActiveCfg = Release|Win32
		{0E48D350-AFA8-42FA-8FC4-A3DA208C8F58}.Release|x86.Build.0 = Release|Win32
		{2A2559E5-3A06-44A8-BBF9-D917C66F241F}.Debug|x64.ActiveCfg = Debug|x64
		{2A2559E5-3A06-44A8-BBF9-D917C66F241F}.Debug|x64.Build.0 = Debug|x64
		{2A2559E5-3A06-44A8-BBF9-D917C66F241F}.Debug|x86.ActiveCfg = Debug|Win32
		{2A2559E5-3A06-44A8-BBF9-D917C66F241F}.Debug|x86.Build.0 = Debug|Win32
		{2A2559E5-3A06-44A8-BBF9-D917C66F241F}.Release|x64.ActiveCfg = Release|x64
		{2A2559E5-3A06-44A8-BBF9-D917C66F241F}.Release|x64.Build.0 = Release|x64
		{2A2559E5-3A06-44A8-BBF9-D917C66F241F}.Release|x86.ActiveCfg = Release|Win32
		{2A2559E5-3A06-44A8-BBF9-D917C66F241F}.Release|x86.Build.0 = Release|Win32
		{1A97F3E1-66A8-4C98-A008-64FD7965898E}.Debug|x64.ActiveCfg = Debug|x64
		{1A97F3E1-66A8-4C98-A008-64FD7965898E}.Debug|x64.Build.0 = Debug|x64
		{1A97F3E1-66A8-4C98-A008-64FD7965898E}.Debug|x86.ActiveCfg = Debug|Win32
		{1A97F3E1-66A8-4C98-A008-64FD7965898E}.Debug|x86.Build.0 = Debug|Win32
		{1A97F3E1-66A8-4C98-A008-64FD7965898E}.Release|x64.ActiveCfg = Release|x64
		{1A97F3E1-66A8-4C98-A008-64FD7965898E}.Release|x64.Build.0 = Release|x64
		{1A97F3E1-66A8-4C98-A008-64FD7965898E}.Release|x86.ActiveCfg = Release|Win32
		{1A97F3E1-66A8-4C98-A008-64FD7965898E}.Release|x86.Build.0 = Release|Win32
		{9FF6369E-53B3-4C07-8849-7BF0BC2B0099}.Debug|x64.ActiveCfg = Debug|x64
		{9FF6369E-53B3-4C07-8849-7BF0BC2B0099}.Debug|x64.Build.0 = Debug|x64
		{9FF6369E-53B3-4C07-8849-7BF0BC2B0099}.Debug|x86.ActiveCfg = Debug|Win32
		{9FF6369E-53B3-4C07-8849-7BF0BC2B0099}.Debug|x86.Build.0 = Debug|Win32
		{9FF6369E-53B3-4C07-8849-7BF0BC2B0099}.Release|x64.ActiveCfg = Release|x64
		{9FF6369E-53B3-4C07-8849-7BF0BC2B0099}.Release|x64.Build.0 = Release|x64
		{9FF6369E-53B3-4C07-8849-7BF0BC2B0099}.Release|x86.ActiveCfg = Release|Win32
		{9FF6369E-53B3-4C07-8849-7BF0BC2B0099}.Release|x86.Build.0 = Release|Win32
		{34F4EDAE-4A06-4B80-AAE5-B3F0263F9255}.Debug|x64.ActiveCfg = Debug|x64
		{34F4EDAE-4A06-4B80-AAE5-B3F0263F9255}.Debug|x64.Build.0 = Debug|x64
		{34F4EDAE-4A06-4B80-AAE5-B3F0263F9255}.Debug|x86.ActiveCfg = Debug|Win32
		{34F4EDAE-4A06-4B80-AAE5-B3F0263F9255}.Debug|x86.Build.0 = Debug|Win32
		{34F4EDAE-4A06-4B80-AAE5-B3F0263F9255}.Release|x64.ActiveCfg = Release|x64
		{34F4EDAE-4A06-4B80-AAE5-B3F0263F9255}.Release|x64.Build.0 = Release|x64
		{34F4EDAE-4A06-4B80-AAE5-B3F0263F9255}.Release|x86.ActiveCfg = Release|Win32
		{34F4EDAE-4A06-4B80-AAE5-B3F0263F9255}.Release|x86.Build.0 = Release|Win32
		{0D1E78A9-7DA6-47A6-A8DA-2A120B59DA76}.Debug|x64.ActiveCfg = Debug|x64
		{0D1E78A9-7DA6-47A6-A8DA-2A120B59DA76}.Debug|x64.Build.0 = Debug|x64
		{0D1E78A9-7DA6-47A6-A8DA-2A120B59DA76}.Debug|x86.ActiveCfg = Debug|Win32
		{0D1E78A9-7DA6-47A6-A8DA-2A120B59DA76}.Debug|x86.Build.0 = Debug|Win32
		{0D1E78A9-7DA6-47A6-A8DA-2A120B59DA76}.Release|x64.ActiveCfg = Release|x64
		{0D1E78A9-7DA6-47A6-A8DA-2A120B59DA76}.Release|x64.Build.0 = Release|x64
		{0D1E78A9-7DA6-47A6-A8DA-2A120B59DA76}.Release|x86.ActiveCfg = Release|Win32
		{0D1E78A9-7DA6-47A6-A8DA-2A120B59DA76}.Release|x86.Build.0 = Release|Win32
		{022CA9EA-6085-4880-AA6F-FCDA17D7E436}.Debug|x64.ActiveCfg = Debug|x64
		{022CA9EA-6085-4880-AA6F-FCDA17D7E436}.Debug|x64.Build.0 = Debug|x64
		{022CA9EA-6085-4880-AA6F-FCDA17D7E436}.Debug|x86.ActiveCfg = Debug|Win32
		{022CA9EA-6085-4880-AA6F-FCDA17D7E436}.Debug|x86.Build.0 = Debug|Win32
		{022CA9EA-6085-4880-AA6F-FCDA17D7E436}.Release|x64.ActiveCfg = Release|x64
		{022CA9EA-6085-4880-AA6F-FCDA17D7E436}.Release|x64.Build.0 = Release|x64
		{022CA9EA-6085-4880-AA6F-FCDA17D7E436}.Release|x86.ActiveCfg = Release|Win32
		{022CA9EA-6085-4880-AA6F-FCDA17D7E436}.Release|x86.Build.0 = Release|Win32
		{8EF52F01-BF2C-4A5D-9849-620D950BCBC3}.Debug|x64.ActiveCfg = Debug|x64
		{8EF52F01-BF2C-4A5D-9849-620D950BCBC3}.Debug|x64.Build.0 = Debug|x64
		{8EF52F01-BF2C-4A5D-9849-620D950BCBC3}.Debug|x86.ActiveCfg = Debug|Win32
		{8EF52F01-BF2C-4A5D-9849-620D950BCBC3}.Debug|x86.Build.0 = Debug|Win32
		{8EF52F01-BF2C-4A5D-9849-620D950BCBC3}.Release|x64.ActiveCfg = Release|x64
		{8EF52F01-BF2C-4A5D-9849-620D950BCBC3}.Release|x64.Build.0 = Release|x64
		{8EF52F01-BF2C-4A5D-9849-620D950BCBC3}.Release|x86.ActiveCfg = Release|Win32
		{8EF52F01-BF2C-4A5D-9849-620D950BCBC3}.Release|x86.Build.0 = Release|Win32
		{25989624-6F6E-4DAF-A2B8-ED7A5640162D}.Debug|x64.ActiveCfg = Debug|x64
		{25989624-6F6E-4DAF-A2B8-ED7A5640162D}.Debug|x64.Build.0 = Debug|x64
		{25989624-6F6E-4DAF-A2B8-ED7A5640162D}.Debug|x86.ActiveCfg = Debug|Win32
		{25989624-6F6E-4DAF-A2B8-ED7A5640162D}.Debug|x86.Build.0 = Debug|Win32
		{25989624-6F6E-4DAF-A2B8-ED7A5640162D}.Release|x64.ActiveCfg = Release|x64
		{25989624-6F6E-4DAF-A2B8-ED7A5640162D}.Release|x64.Build.0 = Release|x64
		{25989624-6F6E-4DAF-A2B8-ED7A5640162D}.Release|x86.ActiveCfg = Release|Win32
		{25989624-6F6E-4DAF-A2B8-ED7A5640162D}.Release|x86.Build.0 = Release|Win32
		{C1830515-CD90-421B-AC02-B0BADA9FD953}.Debug|x64.ActiveCfg = Debug|x64
		{C1830515-CD90-421B-AC02-B0BADA9FD953}.Debug|x64.Build.0 = Debug|x64
		{C1830515-CD90-421B-AC02-B0BADA9FD953}.Debug|x86.ActiveCfg = Debug|Win32
		{C1830515-CD90-421B-AC02-B0BADA9FD953}.Debug|x86.Build.0 = Debug|Win32
		{C1830515-CD90-421B-AC02-B0BADA9FD953}.Release|x64.ActiveCfg = Release|x64
		{C1830515-CD90-421B-AC02-B0BADA9FD953}.Release|x64.Build.0 = Release|x64
		{C1830515-CD90-421B-AC02-B0BADA9FD953}.Release|x86.ActiveCfg = Release|Win32
		{C1830515-CD90-421B-AC02-B0BADA9FD953}.Release|x86.Build.0 = Release|Win32
		{24EFC4CC-8992-4CD0-8918-103429251B2D}.Debug|x64.ActiveCfg = Debug|x64
		{24EFC4CC-8992-4CD0-8918-103429251B2D}.Debug|x64.Build.0 = Debug|x64
		{24EFC4CC-8992-4CD0-8918-103429251B2D}.Debug|x86.ActiveCfg = Debug|Win32
		{24EFC4CC-8992-4CD0-8918-103429251B2D}.Debug|x86.Build.0 = Debug|Win32
		{24EFC4CC-8992-4CD0-8918-103429251B2D}.Release|x64.ActiveCfg = Release|x64
		{24EFC4CC-8992-4CD0-8918-103429251B2D}.Release|x64.Build.0 = Release|x64
		{24EFC4CC-8992-4CD0-8918-103429251B2D}.Release|x86.ActiveCfg = Release|Win32
		{24EFC4CC-8992-4CD0-8918-103429251B2D}.Release|x86.Build.0 = Release|Win32
	EndGlobalSection
	GlobalSection(SolutionProperties) = preSolution
		HideSolutionNode = FALSE
	EndGlobalSection
	GlobalSection(ExtensibilityGlobals) = postSolution
		SolutionGuid = {358A43E4-4382-4BF2-902E-7BBCEC30FF79}
	EndGlobalSection
EndGlobal
