
Microsoft Visual Studio Solution File, Format Version 12.00
# Visual Studio Version 16
VisualStudioVersion = 16.0.30413.136
MinimumVisualStudioVersion = 10.0.40219.1
Project("{8BC9CEB8-8B4A-11D0-8D11-00A0C91BC942}") = "Exercise 1", "Exercise 1\Exercise 1.vcxproj", "{BD468373-655C-47AF-825F-2BEAF92E1556}"
EndProject
Project("{8BC9CEB8-8B4A-11D0-8D11-00A0C91BC942}") = "Exercise 2", "Exercise 2\Exercise 2.vcxproj", "{B1C11FF6-1ACE-4B9F-84C2-7EED5FD29CC4}"
EndProject
Project("{8BC9CEB8-8B4A-11D0-8D11-00A0C91BC942}") = "Exercise 3", "Exercise 3\Exercise 3.vcxproj", "{796700FB-88B7-4A89-80F9-0075C74DBE10}"
EndProject
Project("{8BC9CEB8-8B4A-11D0-8D11-00A0C91BC942}") = "Exercise 4", "Exercise 4\Exercise 4.vcxproj", "{BA95154F-0AB2-46F6-9E7B-F88F1051D09A}"
EndProject
Project("{8BC9CEB8-8B4A-11D0-8D11-00A0C91BC942}") = "Exercise 5", "Exercise 5\Exercise 5.vcxproj", "{ED3A2A08-48D1-4277-BBA8-633B70C0FB5D}"
EndProject
Project("{8BC9CEB8-8B4A-11D0-8D11-00A0C91BC942}") = "Exercise 6", "Exercise 6\Exercise 6.vcxproj", "{33EE74CF-25AA-4772-BD2F-4266459F741A}"
EndProject
Project("{8BC9CEB8-8B4A-11D0-8D11-00A0C91BC942}") = "Exercise 7", "Exercise 7\Exercise 7.vcxproj", "{2FAB6246-BFD2-44AA-AB56-D79EA786B26D}"
EndProject
Project("{8BC9CEB8-8B4A-11D0-8D11-00A0C91BC942}") = "Exercise 8", "Exercise 8\Exercise 8.vcxproj", "{B5A49AB1-53FC-4A4E-80CB-B24A0C8A70FE}"
EndProject
Project("{8BC9CEB8-8B4A-11D0-8D11-00A0C91BC942}") = "Exercise 9", "Exercise 9\Exercise 9.vcxproj", "{E393482F-1334-433B-8129-1EFF6C75211C}"
EndProject
Project("{8BC9CEB8-8B4A-11D0-8D11-00A0C91BC942}") = "Exercise 10", "Exercise 10\Exercise 10.vcxproj", "{472F20F8-A649-4270-8DB3-6121B6B748AB}"
EndProject
Project("{8BC9CEB8-8B4A-11D0-8D11-00A0C91BC942}") = "Exercise 11", "Exercise 11\Exercise 11.vcxproj", "{B0BD91AE-A677-4A11-A436-99E5C50B2FFB}"
EndProject
Project("{8BC9CEB8-8B4A-11D0-8D11-00A0C91BC942}") = "Exercise 12", "Exercise 12\Exercise 12.vcxproj", "{1A956809-4604-439B-AC03-5698FCE4A8A9}"
EndProject
Global
	GlobalSection(SolutionConfigurationPlatforms) = preSolution
		Debug|x64 = Debug|x64
		Debug|x86 = Debug|x86
		Release|x64 = Release|x64
		Release|x86 = Release|x86
	EndGlobalSection
	GlobalSection(ProjectConfigurationPlatforms) = postSolution
		{BD468373-655C-47AF-825F-2BEAF92E1556}.Debug|x64.ActiveCfg = Debug|x64
		{BD468373-655C-47AF-825F-2BEAF92E1556}.Debug|x64.Build.0 = Debug|x64
		{BD468373-655C-47AF-825F-2BEAF92E1556}.Debug|x86.ActiveCfg = Debug|Win32
		{BD468373-655C-47AF-825F-2BEAF92E1556}.Debug|x86.Build.0 = Debug|Win32
		{BD468373-655C-47AF-825F-2BEAF92E1556}.Release|x64.ActiveCfg = Release|x64
		{BD468373-655C-47AF-825F-2BEAF92E1556}.Release|x64.Build.0 = Release|x64
		{BD468373-655C-47AF-825F-2BEAF92E1556}.Release|x86.ActiveCfg = Release|Win32
		{BD468373-655C-47AF-825F-2BEAF92E1556}.Release|x86.Build.0 = Release|Win32
		{B1C11FF6-1ACE-4B9F-84C2-7EED5FD29CC4}.Debug|x64.ActiveCfg = Debug|x64
		{B1C11FF6-1ACE-4B9F-84C2-7EED5FD29CC4}.Debug|x64.Build.0 = Debug|x64
		{B1C11FF6-1ACE-4B9F-84C2-7EED5FD29CC4}.Debug|x86.ActiveCfg = Debug|Win32
		{B1C11FF6-1ACE-4B9F-84C2-7EED5FD29CC4}.Debug|x86.Build.0 = Debug|Win32
		{B1C11FF6-1ACE-4B9F-84C2-7EED5FD29CC4}.Release|x64.ActiveCfg = Release|x64
		{B1C11FF6-1ACE-4B9F-84C2-7EED5FD29CC4}.Release|x64.Build.0 = Release|x64
		{B1C11FF6-1ACE-4B9F-84C2-7EED5FD29CC4}.Release|x86.ActiveCfg = Release|Win32
		{B1C11FF6-1ACE-4B9F-84C2-7EED5FD29CC4}.Release|x86.Build.0 = Release|Win32
		{796700FB-88B7-4A89-80F9-0075C74DBE10}.Debug|x64.ActiveCfg = Debug|x64
		{796700FB-88B7-4A89-80F9-0075C74DBE10}.Debug|x64.Build.0 = Debug|x64
		{796700FB-88B7-4A89-80F9-0075C74DBE10}.Debug|x86.ActiveCfg = Debug|Win32
		{796700FB-88B7-4A89-80F9-0075C74DBE10}.Debug|x86.Build.0 = Debug|Win32
		{796700FB-88B7-4A89-80F9-0075C74DBE10}.Release|x64.ActiveCfg = Release|x64
		{796700FB-88B7-4A89-80F9-0075C74DBE10}.Release|x64.Build.0 = Release|x64
		{796700FB-88B7-4A89-80F9-0075C74DBE10}.Release|x86.ActiveCfg = Release|Win32
		{796700FB-88B7-4A89-80F9-0075C74DBE10}.Release|x86.Build.0 = Release|Win32
		{BA95154F-0AB2-46F6-9E7B-F88F1051D09A}.Debug|x64.ActiveCfg = Debug|x64
		{BA95154F-0AB2-46F6-9E7B-F88F1051D09A}.Debug|x64.Build.0 = Debug|x64
		{BA95154F-0AB2-46F6-9E7B-F88F1051D09A}.Debug|x86.ActiveCfg = Debug|Win32
		{BA95154F-0AB2-46F6-9E7B-F88F1051D09A}.Debug|x86.Build.0 = Debug|Win32
		{BA95154F-0AB2-46F6-9E7B-F88F1051D09A}.Release|x64.ActiveCfg = Release|x64
		{BA95154F-0AB2-46F6-9E7B-F88F1051D09A}.Release|x64.Build.0 = Release|x64
		{BA95154F-0AB2-46F6-9E7B-F88F1051D09A}.Release|x86.ActiveCfg = Release|Win32
		{BA95154F-0AB2-46F6-9E7B-F88F1051D09A}.Release|x86.Build.0 = Release|Win32
		{ED3A2A08-48D1-4277-BBA8-633B70C0FB5D}.Debug|x64.ActiveCfg = Debug|x64
		{ED3A2A08-48D1-4277-BBA8-633B70C0FB5D}.Debug|x64.Build.0 = Debug|x64
		{ED3A2A08-48D1-4277-BBA8-633B70C0FB5D}.Debug|x86.ActiveCfg = Debug|Win32
		{ED3A2A08-48D1-4277-BBA8-633B70C0FB5D}.Debug|x86.Build.0 = Debug|Win32
		{ED3A2A08-48D1-4277-BBA8-633B70C0FB5D}.Release|x64.ActiveCfg = Release|x64
		{ED3A2A08-48D1-4277-BBA8-633B70C0FB5D}.Release|x64.Build.0 = Release|x64
		{ED3A2A08-48D1-4277-BBA8-633B70C0FB5D}.Release|x86.ActiveCfg = Release|Win32
		{ED3A2A08-48D1-4277-BBA8-633B70C0FB5D}.Release|x86.Build.0 = Release|Win32
		{33EE74CF-25AA-4772-BD2F-4266459F741A}.Debug|x64.ActiveCfg = Debug|x64
		{33EE74CF-25AA-4772-BD2F-4266459F741A}.Debug|x64.Build.0 = Debug|x64
		{33EE74CF-25AA-4772-BD2F-4266459F741A}.Debug|x86.ActiveCfg = Debug|Win32
		{33EE74CF-25AA-4772-BD2F-4266459F741A}.Debug|x86.Build.0 = Debug|Win32
		{33EE74CF-25AA-4772-BD2F-4266459F741A}.Release|x64.ActiveCfg = Release|x64
		{33EE74CF-25AA-4772-BD2F-4266459F741A}.Release|x64.Build.0 = Release|x64
		{33EE74CF-25AA-4772-BD2F-4266459F741A}.Release|x86.ActiveCfg = Release|Win32
		{33EE74CF-25AA-4772-BD2F-4266459F741A}.Release|x86.Build.0 = Release|Win32
		{2FAB6246-BFD2-44AA-AB56-D79EA786B26D}.Debug|x64.ActiveCfg = Debug|x64
		{2FAB6246-BFD2-44AA-AB56-D79EA786B26D}.Debug|x64.Build.0 = Debug|x64
		{2FAB6246-BFD2-44AA-AB56-D79EA786B26D}.Debug|x86.ActiveCfg = Debug|Win32
		{2FAB6246-BFD2-44AA-AB56-D79EA786B26D}.Debug|x86.Build.0 = Debug|Win32
		{2FAB6246-BFD2-44AA-AB56-D79EA786B26D}.Release|x64.ActiveCfg = Release|x64
		{2FAB6246-BFD2-44AA-AB56-D79EA786B26D}.Release|x64.Build.0 = Release|x64
		{2FAB6246-BFD2-44AA-AB56-D79EA786B26D}.Release|x86.ActiveCfg = Release|Win32
		{2FAB6246-BFD2-44AA-AB56-D79EA786B26D}.Release|x86.Build.0 = Release|Win32
		{B5A49AB1-53FC-4A4E-80CB-B24A0C8A70FE}.Debug|x64.ActiveCfg = Debug|x64
		{B5A49AB1-53FC-4A4E-80CB-B24A0C8A70FE}.Debug|x64.Build.0 = Debug|x64
		{B5A49AB1-53FC-4A4E-80CB-B24A0C8A70FE}.Debug|x86.ActiveCfg = Debug|Win32
		{B5A49AB1-53FC-4A4E-80CB-B24A0C8A70FE}.Debug|x86.Build.0 = Debug|Win32
		{B5A49AB1-53FC-4A4E-80CB-B24A0C8A70FE}.Release|x64.ActiveCfg = Release|x64
		{B5A49AB1-53FC-4A4E-80CB-B24A0C8A70FE}.Release|x64.Build.0 = Release|x64
		{B5A49AB1-53FC-4A4E-80CB-B24A0C8A70FE}.Release|x86.ActiveCfg = Release|Win32
		{B5A49AB1-53FC-4A4E-80CB-B24A0C8A70FE}.Release|x86.Build.0 = Release|Win32
		{E393482F-1334-433B-8129-1EFF6C75211C}.Debug|x64.ActiveCfg = Debug|x64
		{E393482F-1334-433B-8129-1EFF6C75211C}.Debug|x64.Build.0 = Debug|x64
		{E393482F-1334-433B-8129-1EFF6C75211C}.Debug|x86.ActiveCfg = Debug|Win32
		{E393482F-1334-433B-8129-1EFF6C75211C}.Debug|x86.Build.0 = Debug|Win32
		{E393482F-1334-433B-8129-1EFF6C75211C}.Release|x64.ActiveCfg = Release|x64
		{E393482F-1334-433B-8129-1EFF6C75211C}.Release|x64.Build.0 = Release|x64
		{E393482F-1334-433B-8129-1EFF6C75211C}.Release|x86.ActiveCfg = Release|Win32
		{E393482F-1334-433B-8129-1EFF6C75211C}.Release|x86.Build.0 = Release|Win32
		{472F20F8-A649-4270-8DB3-6121B6B748AB}.Debug|x64.ActiveCfg = Debug|x64
		{472F20F8-A649-4270-8DB3-6121B6B748AB}.Debug|x64.Build.0 = Debug|x64
		{472F20F8-A649-4270-8DB3-6121B6B748AB}.Debug|x86.ActiveCfg = Debug|Win32
		{472F20F8-A649-4270-8DB3-6121B6B748AB}.Debug|x86.Build.0 = Debug|Win32
		{472F20F8-A649-4270-8DB3-6121B6B748AB}.Release|x64.ActiveCfg = Release|x64
		{472F20F8-A649-4270-8DB3-6121B6B748AB}.Release|x64.Build.0 = Release|x64
		{472F20F8-A649-4270-8DB3-6121B6B748AB}.Release|x86.ActiveCfg = Release|Win32
		{472F20F8-A649-4270-8DB3-6121B6B748AB}.Release|x86.Build.0 = Release|Win32
		{B0BD91AE-A677-4A11-A436-99E5C50B2FFB}.Debug|x64.ActiveCfg = Debug|x64
		{B0BD91AE-A677-4A11-A436-99E5C50B2FFB}.Debug|x64.Build.0 = Debug|x64
		{B0BD91AE-A677-4A11-A436-99E5C50B2FFB}.Debug|x86.ActiveCfg = Debug|Win32
		{B0BD91AE-A677-4A11-A436-99E5C50B2FFB}.Debug|x86.Build.0 = Debug|Win32
		{B0BD91AE-A677-4A11-A436-99E5C50B2FFB}.Release|x64.ActiveCfg = Release|x64
		{B0BD91AE-A677-4A11-A436-99E5C50B2FFB}.Release|x64.Build.0 = Release|x64
		{B0BD91AE-A677-4A11-A436-99E5C50B2FFB}.Release|x86.ActiveCfg = Release|Win32
		{B0BD91AE-A677-4A11-A436-99E5C50B2FFB}.Release|x86.Build.0 = Release|Win32
		{1A956809-4604-439B-AC03-5698FCE4A8A9}.Debug|x64.ActiveCfg = Debug|x64
		{1A956809-4604-439B-AC03-5698FCE4A8A9}.Debug|x64.Build.0 = Debug|x64
		{1A956809-4604-439B-AC03-5698FCE4A8A9}.Debug|x86.ActiveCfg = Debug|Win32
		{1A956809-4604-439B-AC03-5698FCE4A8A9}.Debug|x86.Build.0 = Debug|Win32
		{1A956809-4604-439B-AC03-5698FCE4A8A9}.Release|x64.ActiveCfg = Release|x64
		{1A956809-4604-439B-AC03-5698FCE4A8A9}.Release|x64.Build.0 = Release|x64
		{1A956809-4604-439B-AC03-5698FCE4A8A9}.Release|x86.ActiveCfg = Release|Win32
		{1A956809-4604-439B-AC03-5698FCE4A8A9}.Release|x86.Build.0 = Release|Win32
	EndGlobalSection
	GlobalSection(SolutionProperties) = preSolution
		HideSolutionNode = FALSE
	EndGlobalSection
	GlobalSection(ExtensibilityGlobals) = postSolution
		SolutionGuid = {C9C89FD2-C12B-4406-9096-8F1A09C57232}
	EndGlobalSection
EndGlobal
