
Microsoft Visual Studio Solution File, Format Version 12.00
# Visual Studio Version 16
VisualStudioVersion = 16.0.30413.136
MinimumVisualStudioVersion = 10.0.40219.1
Project("{8BC9CEB8-8B4A-11D0-8D11-00A0C91BC942}") = "Exercise 1", "Exercise 1\Exercise 1.vcxproj", "{D5658E9C-7856-46F8-A958-69B20BBBCD0E}"
EndProject
Project("{8BC9CEB8-8B4A-11D0-8D11-00A0C91BC942}") = "Exercise 2", "Exercise 2\Exercise 2.vcxproj", "{E7AD113F-FB86-4B9A-B23D-3A80285BDA09}"
EndProject
Project("{8BC9CEB8-8B4A-11D0-8D11-00A0C91BC942}") = "Exercise 3", "Exercise 3\Exercise 3.vcxproj", "{CAADF9FD-D10F-419E-9D72-5F536611320E}"
EndProject
Project("{8BC9CEB8-8B4A-11D0-8D11-00A0C91BC942}") = "Exercise 4", "Exercise 4\Exercise 4.vcxproj", "{0EEEB45B-2FB5-469E-95BD-A457F9679293}"
EndProject
Project("{8BC9CEB8-8B4A-11D0-8D11-00A0C91BC942}") = "Exercise 5", "Exercise 5\Exercise 5.vcxproj", "{A1CCE217-E959-4D37-9F77-4EC5306A5E02}"
EndProject
Project("{8BC9CEB8-8B4A-11D0-8D11-00A0C91BC942}") = "Exercise 6", "Exercise 6\Exercise 6.vcxproj", "{9F064B62-6BBB-4923-8A5B-41E680DF4E7F}"
EndProject
Project("{8BC9CEB8-8B4A-11D0-8D11-00A0C91BC942}") = "Exercise 7", "Exercise 7\Exercise 7.vcxproj", "{DBA6780D-AD85-438F-AB34-A27A28A137CC}"
EndProject
Project("{8BC9CEB8-8B4A-11D0-8D11-00A0C91BC942}") = "Exercise 8", "Exercise 8\Exercise 8.vcxproj", "{2BBECE81-BF31-4D22-8B80-7CDB51DF9FDE}"
EndProject
Project("{8BC9CEB8-8B4A-11D0-8D11-00A0C91BC942}") = "Exercise 9", "Exercise 9\Exercise 9.vcxproj", "{C41B7552-F60A-4518-A7D2-F24241CC809A}"
EndProject
Project("{8BC9CEB8-8B4A-11D0-8D11-00A0C91BC942}") = "Exercise 10", "Exercise 10\Exercise 10.vcxproj", "{B200E624-05C8-4857-AA29-8E96FA0BEDE7}"
EndProject
Project("{8BC9CEB8-8B4A-11D0-8D11-00A0C91BC942}") = "Exercise 11", "Exercise 11\Exercise 11.vcxproj", "{E19723F5-908E-4623-B880-3AAB25E2B0DF}"
EndProject
Project("{8BC9CEB8-8B4A-11D0-8D11-00A0C91BC942}") = "Exercise 12", "Exercise 12\Exercise 12.vcxproj", "{F65CF3E9-568C-4884-AA5F-CD8A32E8DD01}"
EndProject
Global
	GlobalSection(SolutionConfigurationPlatforms) = preSolution
		Debug|x64 = Debug|x64
		Debug|x86 = Debug|x86
		Release|x64 = Release|x64
		Release|x86 = Release|x86
	EndGlobalSection
	GlobalSection(ProjectConfigurationPlatforms) = postSolution
		{D5658E9C-7856-46F8-A958-69B20BBBCD0E}.Debug|x64.ActiveCfg = Debug|x64
		{D5658E9C-7856-46F8-A958-69B20BBBCD0E}.Debug|x64.Build.0 = Debug|x64
		{D5658E9C-7856-46F8-A958-69B20BBBCD0E}.Debug|x86.ActiveCfg = Debug|Win32
		{D5658E9C-7856-46F8-A958-69B20BBBCD0E}.Debug|x86.Build.0 = Debug|Win32
		{D5658E9C-7856-46F8-A958-69B20BBBCD0E}.Release|x64.ActiveCfg = Release|x64
		{D5658E9C-7856-46F8-A958-69B20BBBCD0E}.Release|x64.Build.0 = Release|x64
		{D5658E9C-7856-46F8-A958-69B20BBBCD0E}.Release|x86.ActiveCfg = Release|Win32
		{D5658E9C-7856-46F8-A958-69B20BBBCD0E}.Release|x86.Build.0 = Release|Win32
		{E7AD113F-FB86-4B9A-B23D-3A80285BDA09}.Debug|x64.ActiveCfg = Debug|x64
		{E7AD113F-FB86-4B9A-B23D-3A80285BDA09}.Debug|x64.Build.0 = Debug|x64
		{E7AD113F-FB86-4B9A-B23D-3A80285BDA09}.Debug|x86.ActiveCfg = Debug|Win32
		{E7AD113F-FB86-4B9A-B23D-3A80285BDA09}.Debug|x86.Build.0 = Debug|Win32
		{E7AD113F-FB86-4B9A-B23D-3A80285BDA09}.Release|x64.ActiveCfg = Release|x64
		{E7AD113F-FB86-4B9A-B23D-3A80285BDA09}.Release|x64.Build.0 = Release|x64
		{E7AD113F-FB86-4B9A-B23D-3A80285BDA09}.Release|x86.ActiveCfg = Release|Win32
		{E7AD113F-FB86-4B9A-B23D-3A80285BDA09}.Release|x86.Build.0 = Release|Win32
		{CAADF9FD-D10F-419E-9D72-5F536611320E}.Debug|x64.ActiveCfg = Debug|x64
		{CAADF9FD-D10F-419E-9D72-5F536611320E}.Debug|x64.Build.0 = Debug|x64
		{CAADF9FD-D10F-419E-9D72-5F536611320E}.Debug|x86.ActiveCfg = Debug|Win32
		{CAADF9FD-D10F-419E-9D72-5F536611320E}.Debug|x86.Build.0 = Debug|Win32
		{CAADF9FD-D10F-419E-9D72-5F536611320E}.Release|x64.ActiveCfg = Release|x64
		{CAADF9FD-D10F-419E-9D72-5F536611320E}.Release|x64.Build.0 = Release|x64
		{CAADF9FD-D10F-419E-9D72-5F536611320E}.Release|x86.ActiveCfg = Release|Win32
		{CAADF9FD-D10F-419E-9D72-5F536611320E}.Release|x86.Build.0 = Release|Win32
		{0EEEB45B-2FB5-469E-95BD-A457F9679293}.Debug|x64.ActiveCfg = Debug|x64
		{0EEEB45B-2FB5-469E-95BD-A457F9679293}.Debug|x64.Build.0 = Debug|x64
		{0EEEB45B-2FB5-469E-95BD-A457F9679293}.Debug|x86.ActiveCfg = Debug|Win32
		{0EEEB45B-2FB5-469E-95BD-A457F9679293}.Debug|x86.Build.0 = Debug|Win32
		{0EEEB45B-2FB5-469E-95BD-A457F9679293}.Release|x64.ActiveCfg = Release|x64
		{0EEEB45B-2FB5-469E-95BD-A457F9679293}.Release|x64.Build.0 = Release|x64
		{0EEEB45B-2FB5-469E-95BD-A457F9679293}.Release|x86.ActiveCfg = Release|Win32
		{0EEEB45B-2FB5-469E-95BD-A457F9679293}.Release|x86.Build.0 = Release|Win32
		{A1CCE217-E959-4D37-9F77-4EC5306A5E02}.Debug|x64.ActiveCfg = Debug|x64
		{A1CCE217-E959-4D37-9F77-4EC5306A5E02}.Debug|x64.Build.0 = Debug|x64
		{A1CCE217-E959-4D37-9F77-4EC5306A5E02}.Debug|x86.ActiveCfg = Debug|Win32
		{A1CCE217-E959-4D37-9F77-4EC5306A5E02}.Debug|x86.Build.0 = Debug|Win32
		{A1CCE217-E959-4D37-9F77-4EC5306A5E02}.Release|x64.ActiveCfg = Release|x64
		{A1CCE217-E959-4D37-9F77-4EC5306A5E02}.Release|x64.Build.0 = Release|x64
		{A1CCE217-E959-4D37-9F77-4EC5306A5E02}.Release|x86.ActiveCfg = Release|Win32
		{A1CCE217-E959-4D37-9F77-4EC5306A5E02}.Release|x86.Build.0 = Release|Win32
		{9F064B62-6BBB-4923-8A5B-41E680DF4E7F}.Debug|x64.ActiveCfg = Debug|x64
		{9F064B62-6BBB-4923-8A5B-41E680DF4E7F}.Debug|x64.Build.0 = Debug|x64
		{9F064B62-6BBB-4923-8A5B-41E680DF4E7F}.Debug|x86.ActiveCfg = Debug|Win32
		{9F064B62-6BBB-4923-8A5B-41E680DF4E7F}.Debug|x86.Build.0 = Debug|Win32
		{9F064B62-6BBB-4923-8A5B-41E680DF4E7F}.Release|x64.ActiveCfg = Release|x64
		{9F064B62-6BBB-4923-8A5B-41E680DF4E7F}.Release|x64.Build.0 = Release|x64
		{9F064B62-6BBB-4923-8A5B-41E680DF4E7F}.Release|x86.ActiveCfg = Release|Win32
		{9F064B62-6BBB-4923-8A5B-41E680DF4E7F}.Release|x86.Build.0 = Release|Win32
		{DBA6780D-AD85-438F-AB34-A27A28A137CC}.Debug|x64.ActiveCfg = Debug|x64
		{DBA6780D-AD85-438F-AB34-A27A28A137CC}.Debug|x64.Build.0 = Debug|x64
		{DBA6780D-AD85-438F-AB34-A27A28A137CC}.Debug|x86.ActiveCfg = Debug|Win32
		{DBA6780D-AD85-438F-AB34-A27A28A137CC}.Debug|x86.Build.0 = Debug|Win32
		{DBA6780D-AD85-438F-AB34-A27A28A137CC}.Release|x64.ActiveCfg = Release|x64
		{DBA6780D-AD85-438F-AB34-A27A28A137CC}.Release|x64.Build.0 = Release|x64
		{DBA6780D-AD85-438F-AB34-A27A28A137CC}.Release|x86.ActiveCfg = Release|Win32
		{DBA6780D-AD85-438F-AB34-A27A28A137CC}.Release|x86.Build.0 = Release|Win32
		{2BBECE81-BF31-4D22-8B80-7CDB51DF9FDE}.Debug|x64.ActiveCfg = Debug|x64
		{2BBECE81-BF31-4D22-8B80-7CDB51DF9FDE}.Debug|x64.Build.0 = Debug|x64
		{2BBECE81-BF31-4D22-8B80-7CDB51DF9FDE}.Debug|x86.ActiveCfg = Debug|Win32
		{2BBECE81-BF31-4D22-8B80-7CDB51DF9FDE}.Debug|x86.Build.0 = Debug|Win32
		{2BBECE81-BF31-4D22-8B80-7CDB51DF9FDE}.Release|x64.ActiveCfg = Release|x64
		{2BBECE81-BF31-4D22-8B80-7CDB51DF9FDE}.Release|x64.Build.0 = Release|x64
		{2BBECE81-BF31-4D22-8B80-7CDB51DF9FDE}.Release|x86.ActiveCfg = Release|Win32
		{2BBECE81-BF31-4D22-8B80-7CDB51DF9FDE}.Release|x86.Build.0 = Release|Win32
		{C41B7552-F60A-4518-A7D2-F24241CC809A}.Debug|x64.ActiveCfg = Debug|x64
		{C41B7552-F60A-4518-A7D2-F24241CC809A}.Debug|x64.Build.0 = Debug|x64
		{C41B7552-F60A-4518-A7D2-F24241CC809A}.Debug|x86.ActiveCfg = Debug|Win32
		{C41B7552-F60A-4518-A7D2-F24241CC809A}.Debug|x86.Build.0 = Debug|Win32
		{C41B7552-F60A-4518-A7D2-F24241CC809A}.Release|x64.ActiveCfg = Release|x64
		{C41B7552-F60A-4518-A7D2-F24241CC809A}.Release|x64.Build.0 = Release|x64
		{C41B7552-F60A-4518-A7D2-F24241CC809A}.Release|x86.ActiveCfg = Release|Win32
		{C41B7552-F60A-4518-A7D2-F24241CC809A}.Release|x86.Build.0 = Release|Win32
		{B200E624-05C8-4857-AA29-8E96FA0BEDE7}.Debug|x64.ActiveCfg = Debug|x64
		{B200E624-05C8-4857-AA29-8E96FA0BEDE7}.Debug|x64.Build.0 = Debug|x64
		{B200E624-05C8-4857-AA29-8E96FA0BEDE7}.Debug|x86.ActiveCfg = Debug|Win32
		{B200E624-05C8-4857-AA29-8E96FA0BEDE7}.Debug|x86.Build.0 = Debug|Win32
		{B200E624-05C8-4857-AA29-8E96FA0BEDE7}.Release|x64.ActiveCfg = Release|x64
		{B200E624-05C8-4857-AA29-8E96FA0BEDE7}.Release|x64.Build.0 = Release|x64
		{B200E624-05C8-4857-AA29-8E96FA0BEDE7}.Release|x86.ActiveCfg = Release|Win32
		{B200E624-05C8-4857-AA29-8E96FA0BEDE7}.Release|x86.Build.0 = Release|Win32
		{E19723F5-908E-4623-B880-3AAB25E2B0DF}.Debug|x64.ActiveCfg = Debug|x64
		{E19723F5-908E-4623-B880-3AAB25E2B0DF}.Debug|x64.Build.0 = Debug|x64
		{E19723F5-908E-4623-B880-3AAB25E2B0DF}.Debug|x86.ActiveCfg = Debug|Win32
		{E19723F5-908E-4623-B880-3AAB25E2B0DF}.Debug|x86.Build.0 = Debug|Win32
		{E19723F5-908E-4623-B880-3AAB25E2B0DF}.Release|x64.ActiveCfg = Release|x64
		{E19723F5-908E-4623-B880-3AAB25E2B0DF}.Release|x64.Build.0 = Release|x64
		{E19723F5-908E-4623-B880-3AAB25E2B0DF}.Release|x86.ActiveCfg = Release|Win32
		{E19723F5-908E-4623-B880-3AAB25E2B0DF}.Release|x86.Build.0 = Release|Win32
		{F65CF3E9-568C-4884-AA5F-CD8A32E8DD01}.Debug|x64.ActiveCfg = Debug|x64
		{F65CF3E9-568C-4884-AA5F-CD8A32E8DD01}.Debug|x64.Build.0 = Debug|x64
		{F65CF3E9-568C-4884-AA5F-CD8A32E8DD01}.Debug|x86.ActiveCfg = Debug|Win32
		{F65CF3E9-568C-4884-AA5F-CD8A32E8DD01}.Debug|x86.Build.0 = Debug|Win32
		{F65CF3E9-568C-4884-AA5F-CD8A32E8DD01}.Release|x64.ActiveCfg = Release|x64
		{F65CF3E9-568C-4884-AA5F-CD8A32E8DD01}.Release|x64.Build.0 = Release|x64
		{F65CF3E9-568C-4884-AA5F-CD8A32E8DD01}.Release|x86.ActiveCfg = Release|Win32
		{F65CF3E9-568C-4884-AA5F-CD8A32E8DD01}.Release|x86.Build.0 = Release|Win32
	EndGlobalSection
	GlobalSection(SolutionProperties) = preSolution
		HideSolutionNode = FALSE
	EndGlobalSection
	GlobalSection(ExtensibilityGlobals) = postSolution
		SolutionGuid = {C0500874-3E01-4F62-8BD2-D231E28DBCE0}
	EndGlobalSection
EndGlobal
