
Microsoft Visual Studio Solution File, Format Version 12.00
# Visual Studio Version 16
VisualStudioVersion = 16.0.30330.147
MinimumVisualStudioVersion = 10.0.40219.1
Project("{8BC9CEB8-8B4A-11D0-8D11-00A0C91BC942}") = "Exercise 1", "Exercise 1\Exercise 1.vcxproj", "{F385D68C-886A-46EE-A882-72CBB82692E8}"
EndProject
Project("{8BC9CEB8-8B4A-11D0-8D11-00A0C91BC942}") = "Exercise 2", "Exercise 2\Exercise 2.vcxproj", "{BC0E821E-7D92-48A5-B042-47C5E0C130D1}"
EndProject
Project("{8BC9CEB8-8B4A-11D0-8D11-00A0C91BC942}") = "Exercise 3", "Exercise 3\Exercise 3.vcxproj", "{76185542-EF82-451D-9986-08FCA55B77A5}"
EndProject
Project("{8BC9CEB8-8B4A-11D0-8D11-00A0C91BC942}") = "Exercise 4", "Exercise 4\Exercise 4.vcxproj", "{1A449CBF-D037-444A-8943-A1471988E3FD}"
EndProject
Project("{8BC9CEB8-8B4A-11D0-8D11-00A0C91BC942}") = "Exercise 5", "Exercise 5\Exercise 5.vcxproj", "{09C81A68-6B18-437B-B9A5-B35D5010C0BE}"
EndProject
Project("{8BC9CEB8-8B4A-11D0-8D11-00A0C91BC942}") = "Exercise 6", "Exercise 6\Exercise 6.vcxproj", "{AE1CFFA7-49B1-4C80-82A4-832CC21C1C1A}"
EndProject
Project("{8BC9CEB8-8B4A-11D0-8D11-00A0C91BC942}") = "Exercise 7", "Exercise 7\Exercise 7.vcxproj", "{EE7E0847-5590-405F-9D05-DC3C53D8666E}"
EndProject
Project("{8BC9CEB8-8B4A-11D0-8D11-00A0C91BC942}") = "Exercise 8", "Exercise 8\Exercise 8.vcxproj", "{C4F34014-8325-4D59-A95F-CBB4E1F6F498}"
EndProject
Project("{8BC9CEB8-8B4A-11D0-8D11-00A0C91BC942}") = "Exercise 9", "Exercise 9\Exercise 9.vcxproj", "{1B0DCAB1-E51A-49F4-A975-AB3C7D7AA1D1}"
EndProject
Project("{8BC9CEB8-8B4A-11D0-8D11-00A0C91BC942}") = "Exercise 10", "Exercise 10\Exercise 10.vcxproj", "{AF753FC0-8364-4798-B6B5-3750DA84C4BF}"
EndProject
Project("{8BC9CEB8-8B4A-11D0-8D11-00A0C91BC942}") = "Exercise 11", "Exercise 11\Exercise 11.vcxproj", "{20BB1F53-2DF9-4997-B5A5-6CB6B6489576}"
EndProject
Project("{8BC9CEB8-8B4A-11D0-8D11-00A0C91BC942}") = "Exercise 12", "Exercise 12\Exercise 12.vcxproj", "{3CF77DA3-985B-462E-97EF-5F32CDB75889}"
EndProject
Global
	GlobalSection(SolutionConfigurationPlatforms) = preSolution
		Debug|x64 = Debug|x64
		Debug|x86 = Debug|x86
		Release|x64 = Release|x64
		Release|x86 = Release|x86
	EndGlobalSection
	GlobalSection(ProjectConfigurationPlatforms) = postSolution
		{F385D68C-886A-46EE-A882-72CBB82692E8}.Debug|x64.ActiveCfg = Debug|x64
		{F385D68C-886A-46EE-A882-72CBB82692E8}.Debug|x64.Build.0 = Debug|x64
		{F385D68C-886A-46EE-A882-72CBB82692E8}.Debug|x86.ActiveCfg = Debug|Win32
		{F385D68C-886A-46EE-A882-72CBB82692E8}.Debug|x86.Build.0 = Debug|Win32
		{F385D68C-886A-46EE-A882-72CBB82692E8}.Release|x64.ActiveCfg = Release|x64
		{F385D68C-886A-46EE-A882-72CBB82692E8}.Release|x64.Build.0 = Release|x64
		{F385D68C-886A-46EE-A882-72CBB82692E8}.Release|x86.ActiveCfg = Release|Win32
		{F385D68C-886A-46EE-A882-72CBB82692E8}.Release|x86.Build.0 = Release|Win32
		{BC0E821E-7D92-48A5-B042-47C5E0C130D1}.Debug|x64.ActiveCfg = Debug|x64
		{BC0E821E-7D92-48A5-B042-47C5E0C130D1}.Debug|x64.Build.0 = Debug|x64
		{BC0E821E-7D92-48A5-B042-47C5E0C130D1}.Debug|x86.ActiveCfg = Debug|Win32
		{BC0E821E-7D92-48A5-B042-47C5E0C130D1}.Debug|x86.Build.0 = Debug|Win32
		{BC0E821E-7D92-48A5-B042-47C5E0C130D1}.Release|x64.ActiveCfg = Release|x64
		{BC0E821E-7D92-48A5-B042-47C5E0C130D1}.Release|x64.Build.0 = Release|x64
		{BC0E821E-7D92-48A5-B042-47C5E0C130D1}.Release|x86.ActiveCfg = Release|Win32
		{BC0E821E-7D92-48A5-B042-47C5E0C130D1}.Release|x86.Build.0 = Release|Win32
		{76185542-EF82-451D-9986-08FCA55B77A5}.Debug|x64.ActiveCfg = Debug|x64
		{76185542-EF82-451D-9986-08FCA55B77A5}.Debug|x64.Build.0 = Debug|x64
		{76185542-EF82-451D-9986-08FCA55B77A5}.Debug|x86.ActiveCfg = Debug|Win32
		{76185542-EF82-451D-9986-08FCA55B77A5}.Debug|x86.Build.0 = Debug|Win32
		{76185542-EF82-451D-9986-08FCA55B77A5}.Release|x64.ActiveCfg = Release|x64
		{76185542-EF82-451D-9986-08FCA55B77A5}.Release|x64.Build.0 = Release|x64
		{76185542-EF82-451D-9986-08FCA55B77A5}.Release|x86.ActiveCfg = Release|Win32
		{76185542-EF82-451D-9986-08FCA55B77A5}.Release|x86.Build.0 = Release|Win32
		{1A449CBF-D037-444A-8943-A1471988E3FD}.Debug|x64.ActiveCfg = Debug|x64
		{1A449CBF-D037-444A-8943-A1471988E3FD}.Debug|x64.Build.0 = Debug|x64
		{1A449CBF-D037-444A-8943-A1471988E3FD}.Debug|x86.ActiveCfg = Debug|Win32
		{1A449CBF-D037-444A-8943-A1471988E3FD}.Debug|x86.Build.0 = Debug|Win32
		{1A449CBF-D037-444A-8943-A1471988E3FD}.Release|x64.ActiveCfg = Release|x64
		{1A449CBF-D037-444A-8943-A1471988E3FD}.Release|x64.Build.0 = Release|x64
		{1A449CBF-D037-444A-8943-A1471988E3FD}.Release|x86.ActiveCfg = Release|Win32
		{1A449CBF-D037-444A-8943-A1471988E3FD}.Release|x86.Build.0 = Release|Win32
		{09C81A68-6B18-437B-B9A5-B35D5010C0BE}.Debug|x64.ActiveCfg = Debug|x64
		{09C81A68-6B18-437B-B9A5-B35D5010C0BE}.Debug|x64.Build.0 = Debug|x64
		{09C81A68-6B18-437B-B9A5-B35D5010C0BE}.Debug|x86.ActiveCfg = Debug|Win32
		{09C81A68-6B18-437B-B9A5-B35D5010C0BE}.Debug|x86.Build.0 = Debug|Win32
		{09C81A68-6B18-437B-B9A5-B35D5010C0BE}.Release|x64.ActiveCfg = Release|x64
		{09C81A68-6B18-437B-B9A5-B35D5010C0BE}.Release|x64.Build.0 = Release|x64
		{09C81A68-6B18-437B-B9A5-B35D5010C0BE}.Release|x86.ActiveCfg = Release|Win32
		{09C81A68-6B18-437B-B9A5-B35D5010C0BE}.Release|x86.Build.0 = Release|Win32
		{AE1CFFA7-49B1-4C80-82A4-832CC21C1C1A}.Debug|x64.ActiveCfg = Debug|x64
		{AE1CFFA7-49B1-4C80-82A4-832CC21C1C1A}.Debug|x64.Build.0 = Debug|x64
		{AE1CFFA7-49B1-4C80-82A4-832CC21C1C1A}.Debug|x86.ActiveCfg = Debug|Win32
		{AE1CFFA7-49B1-4C80-82A4-832CC21C1C1A}.Debug|x86.Build.0 = Debug|Win32
		{AE1CFFA7-49B1-4C80-82A4-832CC21C1C1A}.Release|x64.ActiveCfg = Release|x64
		{AE1CFFA7-49B1-4C80-82A4-832CC21C1C1A}.Release|x64.Build.0 = Release|x64
		{AE1CFFA7-49B1-4C80-82A4-832CC21C1C1A}.Release|x86.ActiveCfg = Release|Win32
		{AE1CFFA7-49B1-4C80-82A4-832CC21C1C1A}.Release|x86.Build.0 = Release|Win32
		{EE7E0847-5590-405F-9D05-DC3C53D8666E}.Debug|x64.ActiveCfg = Debug|x64
		{EE7E0847-5590-405F-9D05-DC3C53D8666E}.Debug|x64.Build.0 = Debug|x64
		{EE7E0847-5590-405F-9D05-DC3C53D8666E}.Debug|x86.ActiveCfg = Debug|Win32
		{EE7E0847-5590-405F-9D05-DC3C53D8666E}.Debug|x86.Build.0 = Debug|Win32
		{EE7E0847-5590-405F-9D05-DC3C53D8666E}.Release|x64.ActiveCfg = Release|x64
		{EE7E0847-5590-405F-9D05-DC3C53D8666E}.Release|x64.Build.0 = Release|x64
		{EE7E0847-5590-405F-9D05-DC3C53D8666E}.Release|x86.ActiveCfg = Release|Win32
		{EE7E0847-5590-405F-9D05-DC3C53D8666E}.Release|x86.Build.0 = Release|Win32
		{C4F34014-8325-4D59-A95F-CBB4E1F6F498}.Debug|x64.ActiveCfg = Debug|x64
		{C4F34014-8325-4D59-A95F-CBB4E1F6F498}.Debug|x64.Build.0 = Debug|x64
		{C4F34014-8325-4D59-A95F-CBB4E1F6F498}.Debug|x86.ActiveCfg = Debug|Win32
		{C4F34014-8325-4D59-A95F-CBB4E1F6F498}.Debug|x86.Build.0 = Debug|Win32
		{C4F34014-8325-4D59-A95F-CBB4E1F6F498}.Release|x64.ActiveCfg = Release|x64
		{C4F34014-8325-4D59-A95F-CBB4E1F6F498}.Release|x64.Build.0 = Release|x64
		{C4F34014-8325-4D59-A95F-CBB4E1F6F498}.Release|x86.ActiveCfg = Release|Win32
		{C4F34014-8325-4D59-A95F-CBB4E1F6F498}.Release|x86.Build.0 = Release|Win32
		{1B0DCAB1-E51A-49F4-A975-AB3C7D7AA1D1}.Debug|x64.ActiveCfg = Debug|x64
		{1B0DCAB1-E51A-49F4-A975-AB3C7D7AA1D1}.Debug|x64.Build.0 = Debug|x64
		{1B0DCAB1-E51A-49F4-A975-AB3C7D7AA1D1}.Debug|x86.ActiveCfg = Debug|Win32
		{1B0DCAB1-E51A-49F4-A975-AB3C7D7AA1D1}.Debug|x86.Build.0 = Debug|Win32
		{1B0DCAB1-E51A-49F4-A975-AB3C7D7AA1D1}.Release|x64.ActiveCfg = Release|x64
		{1B0DCAB1-E51A-49F4-A975-AB3C7D7AA1D1}.Release|x64.Build.0 = Release|x64
		{1B0DCAB1-E51A-49F4-A975-AB3C7D7AA1D1}.Release|x86.ActiveCfg = Release|Win32
		{1B0DCAB1-E51A-49F4-A975-AB3C7D7AA1D1}.Release|x86.Build.0 = Release|Win32
		{AF753FC0-8364-4798-B6B5-3750DA84C4BF}.Debug|x64.ActiveCfg = Debug|x64
		{AF753FC0-8364-4798-B6B5-3750DA84C4BF}.Debug|x64.Build.0 = Debug|x64
		{AF753FC0-8364-4798-B6B5-3750DA84C4BF}.Debug|x86.ActiveCfg = Debug|Win32
		{AF753FC0-8364-4798-B6B5-3750DA84C4BF}.Debug|x86.Build.0 = Debug|Win32
		{AF753FC0-8364-4798-B6B5-3750DA84C4BF}.Release|x64.ActiveCfg = Release|x64
		{AF753FC0-8364-4798-B6B5-3750DA84C4BF}.Release|x64.Build.0 = Release|x64
		{AF753FC0-8364-4798-B6B5-3750DA84C4BF}.Release|x86.ActiveCfg = Release|Win32
		{AF753FC0-8364-4798-B6B5-3750DA84C4BF}.Release|x86.Build.0 = Release|Win32
		{20BB1F53-2DF9-4997-B5A5-6CB6B6489576}.Debug|x64.ActiveCfg = Debug|x64
		{20BB1F53-2DF9-4997-B5A5-6CB6B6489576}.Debug|x64.Build.0 = Debug|x64
		{20BB1F53-2DF9-4997-B5A5-6CB6B6489576}.Debug|x86.ActiveCfg = Debug|Win32
		{20BB1F53-2DF9-4997-B5A5-6CB6B6489576}.Debug|x86.Build.0 = Debug|Win32
		{20BB1F53-2DF9-4997-B5A5-6CB6B6489576}.Release|x64.ActiveCfg = Release|x64
		{20BB1F53-2DF9-4997-B5A5-6CB6B6489576}.Release|x64.Build.0 = Release|x64
		{20BB1F53-2DF9-4997-B5A5-6CB6B6489576}.Release|x86.ActiveCfg = Release|Win32
		{20BB1F53-2DF9-4997-B5A5-6CB6B6489576}.Release|x86.Build.0 = Release|Win32
		{3CF77DA3-985B-462E-97EF-5F32CDB75889}.Debug|x64.ActiveCfg = Debug|x64
		{3CF77DA3-985B-462E-97EF-5F32CDB75889}.Debug|x64.Build.0 = Debug|x64
		{3CF77DA3-985B-462E-97EF-5F32CDB75889}.Debug|x86.ActiveCfg = Debug|Win32
		{3CF77DA3-985B-462E-97EF-5F32CDB75889}.Debug|x86.Build.0 = Debug|Win32
		{3CF77DA3-985B-462E-97EF-5F32CDB75889}.Release|x64.ActiveCfg = Release|x64
		{3CF77DA3-985B-462E-97EF-5F32CDB75889}.Release|x64.Build.0 = Release|x64
		{3CF77DA3-985B-462E-97EF-5F32CDB75889}.Release|x86.ActiveCfg = Release|Win32
		{3CF77DA3-985B-462E-97EF-5F32CDB75889}.Release|x86.Build.0 = Release|Win32
	EndGlobalSection
	GlobalSection(SolutionProperties) = preSolution
		HideSolutionNode = FALSE
	EndGlobalSection
	GlobalSection(ExtensibilityGlobals) = postSolution
		SolutionGuid = {4CCEC1C5-D16C-499A-8519-C24D7DF422EE}
	EndGlobalSection
EndGlobal
