
Microsoft Visual Studio Solution File, Format Version 12.00
# Visual Studio Version 16
VisualStudioVersion = 16.0.30406.217
MinimumVisualStudioVersion = 10.0.40219.1
Project("{8BC9CEB8-8B4A-11D0-8D11-00A0C91BC942}") = "Exercise 1", "Exercise 1\Exercise 1.vcxproj", "{5394022D-F9D9-49E6-9CA2-008B936D81C2}"
EndProject
Project("{8BC9CEB8-8B4A-11D0-8D11-00A0C91BC942}") = "Exercise 2", "Exercise 2\Exercise 2.vcxproj", "{CDF7AF17-C7D3-464B-BF85-D30E9D880517}"
EndProject
Project("{8BC9CEB8-8B4A-11D0-8D11-00A0C91BC942}") = "Exercise 3", "Exercise 3\Exercise 3.vcxproj", "{516B0C5E-594B-4E5B-BCD9-BC4EE5C00369}"
EndProject
Project("{8BC9CEB8-8B4A-11D0-8D11-00A0C91BC942}") = "Exercise 4", "Exercise 4\Exercise 4.vcxproj", "{AF49774F-4EB4-4362-9C01-6A89C5E8D405}"
EndProject
Project("{8BC9CEB8-8B4A-11D0-8D11-00A0C91BC942}") = "Exercise 5", "Exercise 5\Exercise 5.vcxproj", "{41B0B1E3-5CEE-47EC-A393-9653D3DD5DBC}"
EndProject
Project("{8BC9CEB8-8B4A-11D0-8D11-00A0C91BC942}") = "Exercise 6", "Exercise 6\Exercise 6.vcxproj", "{73BE4398-9E9F-4DC2-8E42-96DAA6F1D53D}"
EndProject
Project("{8BC9CEB8-8B4A-11D0-8D11-00A0C91BC942}") = "Exercise 7", "Exercise 7\Exercise 7.vcxproj", "{280D00C9-7E2F-4F35-8313-E0F375DBFEF0}"
EndProject
Project("{8BC9CEB8-8B4A-11D0-8D11-00A0C91BC942}") = "Exercise 8", "Exercise 8\Exercise 8.vcxproj", "{5B372643-0D14-4F42-AD31-1FFC3E0A3EB6}"
EndProject
Project("{8BC9CEB8-8B4A-11D0-8D11-00A0C91BC942}") = "Exercise 9", "Exercise 9\Exercise 9.vcxproj", "{4856294A-2953-4BA0-879D-149B2EE71EB3}"
EndProject
Project("{8BC9CEB8-8B4A-11D0-8D11-00A0C91BC942}") = "Exercise 10", "Exercise 10\Exercise 10.vcxproj", "{8993007E-2B1A-4DF2-A9CC-FF39CBFDE453}"
EndProject
Project("{8BC9CEB8-8B4A-11D0-8D11-00A0C91BC942}") = "Exercise 11", "Exercise 11\Exercise 11.vcxproj", "{AD835228-99F8-4FC8-80C2-96AA053F0103}"
EndProject
Project("{8BC9CEB8-8B4A-11D0-8D11-00A0C91BC942}") = "Exercise 12", "Exercise 12\Exercise 12.vcxproj", "{BBF833C0-C5E6-4BD1-8BE1-338883DB4EFB}"
EndProject
Global
	GlobalSection(SolutionConfigurationPlatforms) = preSolution
		Debug|x64 = Debug|x64
		Debug|x86 = Debug|x86
		Release|x64 = Release|x64
		Release|x86 = Release|x86
	EndGlobalSection
	GlobalSection(ProjectConfigurationPlatforms) = postSolution
		{5394022D-F9D9-49E6-9CA2-008B936D81C2}.Debug|x64.ActiveCfg = Debug|x64
		{5394022D-F9D9-49E6-9CA2-008B936D81C2}.Debug|x64.Build.0 = Debug|x64
		{5394022D-F9D9-49E6-9CA2-008B936D81C2}.Debug|x86.ActiveCfg = Debug|Win32
		{5394022D-F9D9-49E6-9CA2-008B936D81C2}.Debug|x86.Build.0 = Debug|Win32
		{5394022D-F9D9-49E6-9CA2-008B936D81C2}.Release|x64.ActiveCfg = Release|x64
		{5394022D-F9D9-49E6-9CA2-008B936D81C2}.Release|x64.Build.0 = Release|x64
		{5394022D-F9D9-49E6-9CA2-008B936D81C2}.Release|x86.ActiveCfg = Release|Win32
		{5394022D-F9D9-49E6-9CA2-008B936D81C2}.Release|x86.Build.0 = Release|Win32
		{CDF7AF17-C7D3-464B-BF85-D30E9D880517}.Debug|x64.ActiveCfg = Debug|x64
		{CDF7AF17-C7D3-464B-BF85-D30E9D880517}.Debug|x64.Build.0 = Debug|x64
		{CDF7AF17-C7D3-464B-BF85-D30E9D880517}.Debug|x86.ActiveCfg = Debug|Win32
		{CDF7AF17-C7D3-464B-BF85-D30E9D880517}.Debug|x86.Build.0 = Debug|Win32
		{CDF7AF17-C7D3-464B-BF85-D30E9D880517}.Release|x64.ActiveCfg = Release|x64
		{CDF7AF17-C7D3-464B-BF85-D30E9D880517}.Release|x64.Build.0 = Release|x64
		{CDF7AF17-C7D3-464B-BF85-D30E9D880517}.Release|x86.ActiveCfg = Release|Win32
		{CDF7AF17-C7D3-464B-BF85-D30E9D880517}.Release|x86.Build.0 = Release|Win32
		{516B0C5E-594B-4E5B-BCD9-BC4EE5C00369}.Debug|x64.ActiveCfg = Debug|x64
		{516B0C5E-594B-4E5B-BCD9-BC4EE5C00369}.Debug|x64.Build.0 = Debug|x64
		{516B0C5E-594B-4E5B-BCD9-BC4EE5C00369}.Debug|x86.ActiveCfg = Debug|Win32
		{516B0C5E-594B-4E5B-BCD9-BC4EE5C00369}.Debug|x86.Build.0 = Debug|Win32
		{516B0C5E-594B-4E5B-BCD9-BC4EE5C00369}.Release|x64.ActiveCfg = Release|x64
		{516B0C5E-594B-4E5B-BCD9-BC4EE5C00369}.Release|x64.Build.0 = Release|x64
		{516B0C5E-594B-4E5B-BCD9-BC4EE5C00369}.Release|x86.ActiveCfg = Release|Win32
		{516B0C5E-594B-4E5B-BCD9-BC4EE5C00369}.Release|x86.Build.0 = Release|Win32
		{AF49774F-4EB4-4362-9C01-6A89C5E8D405}.Debug|x64.ActiveCfg = Debug|x64
		{AF49774F-4EB4-4362-9C01-6A89C5E8D405}.Debug|x64.Build.0 = Debug|x64
		{AF49774F-4EB4-4362-9C01-6A89C5E8D405}.Debug|x86.ActiveCfg = Debug|Win32
		{AF49774F-4EB4-4362-9C01-6A89C5E8D405}.Debug|x86.Build.0 = Debug|Win32
		{AF49774F-4EB4-4362-9C01-6A89C5E8D405}.Release|x64.ActiveCfg = Release|x64
		{AF49774F-4EB4-4362-9C01-6A89C5E8D405}.Release|x64.Build.0 = Release|x64
		{AF49774F-4EB4-4362-9C01-6A89C5E8D405}.Release|x86.ActiveCfg = Release|Win32
		{AF49774F-4EB4-4362-9C01-6A89C5E8D405}.Release|x86.Build.0 = Release|Win32
		{41B0B1E3-5CEE-47EC-A393-9653D3DD5DBC}.Debug|x64.ActiveCfg = Debug|x64
		{41B0B1E3-5CEE-47EC-A393-9653D3DD5DBC}.Debug|x64.Build.0 = Debug|x64
		{41B0B1E3-5CEE-47EC-A393-9653D3DD5DBC}.Debug|x86.ActiveCfg = Debug|Win32
		{41B0B1E3-5CEE-47EC-A393-9653D3DD5DBC}.Debug|x86.Build.0 = Debug|Win32
		{41B0B1E3-5CEE-47EC-A393-9653D3DD5DBC}.Release|x64.ActiveCfg = Release|x64
		{41B0B1E3-5CEE-47EC-A393-9653D3DD5DBC}.Release|x64.Build.0 = Release|x64
		{41B0B1E3-5CEE-47EC-A393-9653D3DD5DBC}.Release|x86.ActiveCfg = Release|Win32
		{41B0B1E3-5CEE-47EC-A393-9653D3DD5DBC}.Release|x86.Build.0 = Release|Win32
		{73BE4398-9E9F-4DC2-8E42-96DAA6F1D53D}.Debug|x64.ActiveCfg = Debug|x64
		{73BE4398-9E9F-4DC2-8E42-96DAA6F1D53D}.Debug|x64.Build.0 = Debug|x64
		{73BE4398-9E9F-4DC2-8E42-96DAA6F1D53D}.Debug|x86.ActiveCfg = Debug|Win32
		{73BE4398-9E9F-4DC2-8E42-96DAA6F1D53D}.Debug|x86.Build.0 = Debug|Win32
		{73BE4398-9E9F-4DC2-8E42-96DAA6F1D53D}.Release|x64.ActiveCfg = Release|x64
		{73BE4398-9E9F-4DC2-8E42-96DAA6F1D53D}.Release|x64.Build.0 = Release|x64
		{73BE4398-9E9F-4DC2-8E42-96DAA6F1D53D}.Release|x86.ActiveCfg = Release|Win32
		{73BE4398-9E9F-4DC2-8E42-96DAA6F1D53D}.Release|x86.Build.0 = Release|Win32
		{280D00C9-7E2F-4F35-8313-E0F375DBFEF0}.Debug|x64.ActiveCfg = Debug|x64
		{280D00C9-7E2F-4F35-8313-E0F375DBFEF0}.Debug|x64.Build.0 = Debug|x64
		{280D00C9-7E2F-4F35-8313-E0F375DBFEF0}.Debug|x86.ActiveCfg = Debug|Win32
		{280D00C9-7E2F-4F35-8313-E0F375DBFEF0}.Debug|x86.Build.0 = Debug|Win32
		{280D00C9-7E2F-4F35-8313-E0F375DBFEF0}.Release|x64.ActiveCfg = Release|x64
		{280D00C9-7E2F-4F35-8313-E0F375DBFEF0}.Release|x64.Build.0 = Release|x64
		{280D00C9-7E2F-4F35-8313-E0F375DBFEF0}.Release|x86.ActiveCfg = Release|Win32
		{280D00C9-7E2F-4F35-8313-E0F375DBFEF0}.Release|x86.Build.0 = Release|Win32
		{5B372643-0D14-4F42-AD31-1FFC3E0A3EB6}.Debug|x64.ActiveCfg = Debug|x64
		{5B372643-0D14-4F42-AD31-1FFC3E0A3EB6}.Debug|x64.Build.0 = Debug|x64
		{5B372643-0D14-4F42-AD31-1FFC3E0A3EB6}.Debug|x86.ActiveCfg = Debug|Win32
		{5B372643-0D14-4F42-AD31-1FFC3E0A3EB6}.Debug|x86.Build.0 = Debug|Win32
		{5B372643-0D14-4F42-AD31-1FFC3E0A3EB6}.Release|x64.ActiveCfg = Release|x64
		{5B372643-0D14-4F42-AD31-1FFC3E0A3EB6}.Release|x64.Build.0 = Release|x64
		{5B372643-0D14-4F42-AD31-1FFC3E0A3EB6}.Release|x86.ActiveCfg = Release|Win32
		{5B372643-0D14-4F42-AD31-1FFC3E0A3EB6}.Release|x86.Build.0 = Release|Win32
		{4856294A-2953-4BA0-879D-149B2EE71EB3}.Debug|x64.ActiveCfg = Debug|x64
		{4856294A-2953-4BA0-879D-149B2EE71EB3}.Debug|x64.Build.0 = Debug|x64
		{4856294A-2953-4BA0-879D-149B2EE71EB3}.Debug|x86.ActiveCfg = Debug|Win32
		{4856294A-2953-4BA0-879D-149B2EE71EB3}.Debug|x86.Build.0 = Debug|Win32
		{4856294A-2953-4BA0-879D-149B2EE71EB3}.Release|x64.ActiveCfg = Release|x64
		{4856294A-2953-4BA0-879D-149B2EE71EB3}.Release|x64.Build.0 = Release|x64
		{4856294A-2953-4BA0-879D-149B2EE71EB3}.Release|x86.ActiveCfg = Release|Win32
		{4856294A-2953-4BA0-879D-149B2EE71EB3}.Release|x86.Build.0 = Release|Win32
		{8993007E-2B1A-4DF2-A9CC-FF39CBFDE453}.Debug|x64.ActiveCfg = Debug|x64
		{8993007E-2B1A-4DF2-A9CC-FF39CBFDE453}.Debug|x64.Build.0 = Debug|x64
		{8993007E-2B1A-4DF2-A9CC-FF39CBFDE453}.Debug|x86.ActiveCfg = Debug|Win32
		{8993007E-2B1A-4DF2-A9CC-FF39CBFDE453}.Debug|x86.Build.0 = Debug|Win32
		{8993007E-2B1A-4DF2-A9CC-FF39CBFDE453}.Release|x64.ActiveCfg = Release|x64
		{8993007E-2B1A-4DF2-A9CC-FF39CBFDE453}.Release|x64.Build.0 = Release|x64
		{8993007E-2B1A-4DF2-A9CC-FF39CBFDE453}.Release|x86.ActiveCfg = Release|Win32
		{8993007E-2B1A-4DF2-A9CC-FF39CBFDE453}.Release|x86.Build.0 = Release|Win32
		{AD835228-99F8-4FC8-80C2-96AA053F0103}.Debug|x64.ActiveCfg = Debug|x64
		{AD835228-99F8-4FC8-80C2-96AA053F0103}.Debug|x64.Build.0 = Debug|x64
		{AD835228-99F8-4FC8-80C2-96AA053F0103}.Debug|x86.ActiveCfg = Debug|Win32
		{AD835228-99F8-4FC8-80C2-96AA053F0103}.Debug|x86.Build.0 = Debug|Win32
		{AD835228-99F8-4FC8-80C2-96AA053F0103}.Release|x64.ActiveCfg = Release|x64
		{AD835228-99F8-4FC8-80C2-96AA053F0103}.Release|x64.Build.0 = Release|x64
		{AD835228-99F8-4FC8-80C2-96AA053F0103}.Release|x86.ActiveCfg = Release|Win32
		{AD835228-99F8-4FC8-80C2-96AA053F0103}.Release|x86.Build.0 = Release|Win32
		{BBF833C0-C5E6-4BD1-8BE1-338883DB4EFB}.Debug|x64.ActiveCfg = Debug|x64
		{BBF833C0-C5E6-4BD1-8BE1-338883DB4EFB}.Debug|x64.Build.0 = Debug|x64
		{BBF833C0-C5E6-4BD1-8BE1-338883DB4EFB}.Debug|x86.ActiveCfg = Debug|Win32
		{BBF833C0-C5E6-4BD1-8BE1-338883DB4EFB}.Debug|x86.Build.0 = Debug|Win32
		{BBF833C0-C5E6-4BD1-8BE1-338883DB4EFB}.Release|x64.ActiveCfg = Release|x64
		{BBF833C0-C5E6-4BD1-8BE1-338883DB4EFB}.Release|x64.Build.0 = Release|x64
		{BBF833C0-C5E6-4BD1-8BE1-338883DB4EFB}.Release|x86.ActiveCfg = Release|Win32
		{BBF833C0-C5E6-4BD1-8BE1-338883DB4EFB}.Release|x86.Build.0 = Release|Win32
	EndGlobalSection
	GlobalSection(SolutionProperties) = preSolution
		HideSolutionNode = FALSE
	EndGlobalSection
	GlobalSection(ExtensibilityGlobals) = postSolution
		SolutionGuid = {394369D1-67E4-41DE-BA29-DFA666252B55}
	EndGlobalSection
EndGlobal
